
Microsoft Visual Studio Solution File, Format Version 12.00
# Visual Studio Version 17
VisualStudioVersion = 17.14.36908.2 d17.14
MinimumVisualStudioVersion = 10.0.40219.1
Project("{FAE04EC0-301F-11D3-BF4B-00C04F79EFBC}") = "p1", "p1.csproj", "{D595BC8B-B8F0-464E-85B0-61F18EA03462}"
EndProject
Global
	GlobalSection(SolutionConfigurationPlatforms) = preSolution
		Debug|Any CPU = Debug|Any CPU
		Release|Any CPU = Release|Any CPU
	EndGlobalSection
	GlobalSection(ProjectConfigurationPlatforms) = postSolution
		{D595BC8B-B8F0-464E-85B0-61F18EA03462}.Debug|Any CPU.ActiveCfg = Debug|Any CPU
		{D595BC8B-B8F0-464E-85B0-61F18EA03462}.Debug|Any CPU.Build.0 = Debug|Any CPU
		{D595BC8B-B8F0-464E-85B0-61F18EA03462}.Release|Any CPU.ActiveCfg = Release|Any CPU
		{D595BC8B-B8F0-464E-85B0-61F18EA03462}.Release|Any CPU.Build.0 = Release|Any CPU
	EndGlobalSection
	GlobalSection(SolutionProperties) = preSolution
		HideSolutionNode = FALSE
	EndGlobalSection
	GlobalSection(ExtensibilityGlobals) = postSolution
		SolutionGuid = {DAC0C734-717F-4FC4-8AE1-560F5746E379}
	EndGlobalSection
EndGlobal
